
Microsoft Visual Studio Solution File, Format Version 12.00
# Visual Studio Version 17
VisualStudioVersion = 17.12.35514.174 d17.12
MinimumVisualStudioVersion = 10.0.40219.1
Project("{8BC9CEB8-8B4A-11D0-8D11-00A0C91BC942}") = "GPT0001", "GPT0001\GPT0001.vcxproj", "{35B3122F-140D-4139-AC8D-97C8140E2AB6}"
EndProject
Project("{8BC9CEB8-8B4A-11D0-8D11-00A0C91BC942}") = "GPT0002", "GPT0002\GPT0002.vcxproj", "{D1474527-B76D-41F4-82F4-131F0FE4707A}"
EndProject
Project("{8BC9CEB8-8B4A-11D0-8D11-00A0C91BC942}") = "GPT0003", "GPT0003\GPT0003.vcxproj", "{DD9E575D-5493-464A-B80D-AB5FF00B4CC8}"
EndProject
Project("{8BC9CEB8-8B4A-11D0-8D11-00A0C91BC942}") = "GPT0004", "GPT0004\GPT0004.vcxproj", "{FEC111AC-1206-4CB2-9EDE-55915C48AC09}"
EndProject
Project("{8BC9CEB8-8B4A-11D0-8D11-00A0C91BC942}") = "GPT0005", "GPT0005\GPT0005.vcxproj", "{9E118A88-7E34-45DA-B21F-51FDFDE4C81E}"
EndProject
Project("{8BC9CEB8-8B4A-11D0-8D11-00A0C91BC942}") = "Main9093_1", "Main9093\Main9093.vcxproj", "{EA5A012E-CBD6-4560-A0AD-995A37D5499B}"
EndProject
Project("{8BC9CEB8-8B4A-11D0-8D11-00A0C91BC942}") = "Main9093_2", "MAIN9093_2\MAIN9093_2.vcxproj", "{03E05B1A-D364-4976-AFB2-0E723B474F8A}"
EndProject
Global
	GlobalSection(SolutionConfigurationPlatforms) = preSolution
		Debug|x64 = Debug|x64
		Debug|x86 = Debug|x86
		Release|x64 = Release|x64
		Release|x86 = Release|x86
	EndGlobalSection
	GlobalSection(ProjectConfigurationPlatforms) = postSolution
		{35B3122F-140D-4139-AC8D-97C8140E2AB6}.Debug|x64.ActiveCfg = Debug|x64
		{35B3122F-140D-4139-AC8D-97C8140E2AB6}.Debug|x64.Build.0 = Debug|x64
		{35B3122F-140D-4139-AC8D-97C8140E2AB6}.Debug|x86.ActiveCfg = Debug|Win32
		{35B3122F-140D-4139-AC8D-97C8140E2AB6}.Debug|x86.Build.0 = Debug|Win32
		{35B3122F-140D-4139-AC8D-97C8140E2AB6}.Release|x64.ActiveCfg = Release|x64
		{35B3122F-140D-4139-AC8D-97C8140E2AB6}.Release|x64.Build.0 = Release|x64
		{35B3122F-140D-4139-AC8D-97C8140E2AB6}.Release|x86.ActiveCfg = Release|Win32
		{35B3122F-140D-4139-AC8D-97C8140E2AB6}.Release|x86.Build.0 = Release|Win32
		{D1474527-B76D-41F4-82F4-131F0FE4707A}.Debug|x64.ActiveCfg = Debug|x64
		{D1474527-B76D-41F4-82F4-131F0FE4707A}.Debug|x64.Build.0 = Debug|x64
		{D1474527-B76D-41F4-82F4-131F0FE4707A}.Debug|x86.ActiveCfg = Debug|Win32
		{D1474527-B76D-41F4-82F4-131F0FE4707A}.Debug|x86.Build.0 = Debug|Win32
		{D1474527-B76D-41F4-82F4-131F0FE4707A}.Release|x64.ActiveCfg = Release|x64
		{D1474527-B76D-41F4-82F4-131F0FE4707A}.Release|x64.Build.0 = Release|x64
		{D1474527-B76D-41F4-82F4-131F0FE4707A}.Release|x86.ActiveCfg = Release|Win32
		{D1474527-B76D-41F4-82F4-131F0FE4707A}.Release|x86.Build.0 = Release|Win32
		{DD9E575D-5493-464A-B80D-AB5FF00B4CC8}.Debug|x64.ActiveCfg = Debug|x64
		{DD9E575D-5493-464A-B80D-AB5FF00B4CC8}.Debug|x64.Build.0 = Debug|x64
		{DD9E575D-5493-464A-B80D-AB5FF00B4CC8}.Debug|x86.ActiveCfg = Debug|Win32
		{DD9E575D-5493-464A-B80D-AB5FF00B4CC8}.Debug|x86.Build.0 = Debug|Win32
		{DD9E575D-5493-464A-B80D-AB5FF00B4CC8}.Release|x64.ActiveCfg = Release|x64
		{DD9E575D-5493-464A-B80D-AB5FF00B4CC8}.Release|x64.Build.0 = Release|x64
		{DD9E575D-5493-464A-B80D-AB5FF00B4CC8}.Release|x86.ActiveCfg = Release|Win32
		{DD9E575D-5493-464A-B80D-AB5FF00B4CC8}.Release|x86.Build.0 = Release|Win32
		{FEC111AC-1206-4CB2-9EDE-55915C48AC09}.Debug|x64.ActiveCfg = Debug|x64
		{FEC111AC-1206-4CB2-9EDE-55915C48AC09}.Debug|x64.Build.0 = Debug|x64
		{FEC111AC-1206-4CB2-9EDE-55915C48AC09}.Debug|x86.ActiveCfg = Debug|Win32
		{FEC111AC-1206-4CB2-9EDE-55915C48AC09}.Debug|x86.Build.0 = Debug|Win32
		{FEC111AC-1206-4CB2-9EDE-55915C48AC09}.Release|x64.ActiveCfg = Release|x64
		{FEC111AC-1206-4CB2-9EDE-55915C48AC09}.Release|x64.Build.0 = Release|x64
		{FEC111AC-1206-4CB2-9EDE-55915C48AC09}.Release|x86.ActiveCfg = Release|Win32
		{FEC111AC-1206-4CB2-9EDE-55915C48AC09}.Release|x86.Build.0 = Release|Win32
		{9E118A88-7E34-45DA-B21F-51FDFDE4C81E}.Debug|x64.ActiveCfg = Debug|x64
		{9E118A88-7E34-45DA-B21F-51FDFDE4C81E}.Debug|x64.Build.0 = Debug|x64
		{9E118A88-7E34-45DA-B21F-51FDFDE4C81E}.Debug|x86.ActiveCfg = Debug|Win32
		{9E118A88-7E34-45DA-B21F-51FDFDE4C81E}.Debug|x86.Build.0 = Debug|Win32
		{9E118A88-7E34-45DA-B21F-51FDFDE4C81E}.Release|x64.ActiveCfg = Release|x64
		{9E118A88-7E34-45DA-B21F-51FDFDE4C81E}.Release|x64.Build.0 = Release|x64
		{9E118A88-7E34-45DA-B21F-51FDFDE4C81E}.Release|x86.ActiveCfg = Release|Win32
		{9E118A88-7E34-45DA-B21F-51FDFDE4C81E}.Release|x86.Build.0 = Release|Win32
		{EA5A012E-CBD6-4560-A0AD-995A37D5499B}.Debug|x64.ActiveCfg = Debug|x64
		{EA5A012E-CBD6-4560-A0AD-995A37D5499B}.Debug|x64.Build.0 = Debug|x64
		{EA5A012E-CBD6-4560-A0AD-995A37D5499B}.Debug|x86.ActiveCfg = Debug|Win32
		{EA5A012E-CBD6-4560-A0AD-995A37D5499B}.Debug|x86.Build.0 = Debug|Win32
		{EA5A012E-CBD6-4560-A0AD-995A37D5499B}.Release|x64.ActiveCfg = Release|x64
		{EA5A012E-CBD6-4560-A0AD-995A37D5499B}.Release|x64.Build.0 = Release|x64
		{EA5A012E-CBD6-4560-A0AD-995A37D5499B}.Release|x86.ActiveCfg = Release|Win32
		{EA5A012E-CBD6-4560-A0AD-995A37D5499B}.Release|x86.Build.0 = Release|Win32
		{03E05B1A-D364-4976-AFB2-0E723B474F8A}.Debug|x64.ActiveCfg = Debug|x64
		{03E05B1A-D364-4976-AFB2-0E723B474F8A}.Debug|x64.Build.0 = Debug|x64
		{03E05B1A-D364-4976-AFB2-0E723B474F8A}.Debug|x86.ActiveCfg = Debug|Win32
		{03E05B1A-D364-4976-AFB2-0E723B474F8A}.Debug|x86.Build.0 = Debug|Win32
		{03E05B1A-D364-4976-AFB2-0E723B474F8A}.Release|x64.ActiveCfg = Release|x64
		{03E05B1A-D364-4976-AFB2-0E723B474F8A}.Release|x64.Build.0 = Release|x64
		{03E05B1A-D364-4976-AFB2-0E723B474F8A}.Release|x86.ActiveCfg = Release|Win32
		{03E05B1A-D364-4976-AFB2-0E723B474F8A}.Release|x86.Build.0 = Release|Win32
	EndGlobalSection
	GlobalSection(SolutionProperties) = preSolution
		HideSolutionNode = FALSE
	EndGlobalSection
EndGlobal
