
Microsoft Visual Studio Solution File, Format Version 12.00
# Visual Studio Version 17
VisualStudioVersion = 17.12.35514.174
MinimumVisualStudioVersion = 10.0.40219.1
Project("{8BC9CEB8-8B4A-11D0-8D11-00A0C91BC942}") = "GPT0001", "GPT0001\GPT0001.vcxproj", "{35B3122F-140D-4139-AC8D-97C8140E2AB6}"
EndProject
Project("{8BC9CEB8-8B4A-11D0-8D11-00A0C91BC942}") = "GPT0002", "GPT0002\GPT0002.vcxproj", "{D1474527-B76D-41F4-82F4-131F0FE4707A}"
EndProject
Project("{8BC9CEB8-8B4A-11D0-8D11-00A0C91BC942}") = "GPT0003", "GPT0003\GPT0003.vcxproj", "{DD9E575D-5493-464A-B80D-AB5FF00B4CC8}"
EndProject
Project("{8BC9CEB8-8B4A-11D0-8D11-00A0C91BC942}") = "GPT0004", "GPT0004\GPT0004.vcxproj", "{FEC111AC-1206-4CB2-9EDE-55915C48AC09}"
EndProject
Project("{8BC9CEB8-8B4A-11D0-8D11-00A0C91BC942}") = "GPT0005", "GPT0005\GPT0005.vcxproj", "{9E118A88-7E34-45DA-B21F-51FDFDE4C81E}"
EndProject
Project("{8BC9CEB8-8B4A-11D0-8D11-00A0C91BC942}") = "Main9093_1", "Main9093\Main9093.vcxproj", "{EA5A012E-CBD6-4560-A0AD-995A37D5499B}"
EndProject
Project("{8BC9CEB8-8B4A-11D0-8D11-00A0C91BC942}") = "Main9093_2", "MAIN9093_2\MAIN9093_2.vcxproj", "{03E05B1A-D364-4976-AFB2-0E723B474F8A}"
EndProject
Project("{8BC9CEB8-8B4A-11D0-8D11-00A0C91BC942}") = "GPT0006", "GPT0006\GPT0006.vcxproj", "{36D595BB-1F8E-4C8A-8CA5-280A03284F18}"
EndProject
Project("{8BC9CEB8-8B4A-11D0-8D11-00A0C91BC942}") = "GPT0007", "GPT0007\GPT0007.vcxproj", "{AA491900-FF49-4C4A-B2BE-34431D9FA38B}"
EndProject
Project("{8BC9CEB8-8B4A-11D0-8D11-00A0C91BC942}") = "GPT0008", "GPT0008\GPT0008.vcxproj", "{4862BDB2-D925-4EE9-9248-7FB335D70D75}"
EndProject
Project("{8BC9CEB8-8B4A-11D0-8D11-00A0C91BC942}") = "GPT0009", "GPT0009\GPT0009.vcxproj", "{1514049C-C2AC-4319-B98F-9D4FF9FA5507}"
EndProject
Project("{8BC9CEB8-8B4A-11D0-8D11-00A0C91BC942}") = "GPT0010", "GPT0010\GPT0010.vcxproj", "{33557F82-617C-4C1B-BFBE-1AB6B043A040}"
EndProject
Project("{8BC9CEB8-8B4A-11D0-8D11-00A0C91BC942}") = "GPT0011", "GPT0011\GPT0011.vcxproj", "{1694DC0F-4F03-470E-92F1-193B8D1B31AB}"
EndProject
Project("{8BC9CEB8-8B4A-11D0-8D11-00A0C91BC942}") = "GPT0012", "GPT0012\GPT0012.vcxproj", "{221D2EE1-0A1B-430F-8352-20E8CC757204}"
EndProject
Project("{8BC9CEB8-8B4A-11D0-8D11-00A0C91BC942}") = "GPT0013", "GPT0013\GPT0013.vcxproj", "{703B7C58-71C0-4E15-83AC-C42CDC5479C7}"
EndProject
Project("{8BC9CEB8-8B4A-11D0-8D11-00A0C91BC942}") = "GPT0014", "GPT0014\GPT0014.vcxproj", "{EABF88C3-9869-4345-A4FD-1D0F4DC1DDB1}"
EndProject
Project("{8BC9CEB8-8B4A-11D0-8D11-00A0C91BC942}") = "GPT0015", "GPT0015\GPT0015.vcxproj", "{6D87736A-3235-442B-9E6D-883C60790D6F}"
EndProject
Project("{8BC9CEB8-8B4A-11D0-8D11-00A0C91BC942}") = "GPT0016", "GPT0016\GPT0016.vcxproj", "{7D5CA0AA-6F46-4C23-BDA5-9CCD6FF123A6}"
EndProject
Project("{8BC9CEB8-8B4A-11D0-8D11-00A0C91BC942}") = "GPT0017", "GPT0017\GPT0017.vcxproj", "{C00E0F18-1713-49E5-B5F3-5A73473A67CF}"
EndProject
Project("{8BC9CEB8-8B4A-11D0-8D11-00A0C91BC942}") = "GPT0018", "GPT0018\GPT0018.vcxproj", "{67CFBABB-3307-49C7-8C0E-DA84A0B50F15}"
EndProject
Project("{8BC9CEB8-8B4A-11D0-8D11-00A0C91BC942}") = "GPT0019", "GPT0019\GPT0019.vcxproj", "{FCB25160-11B5-4EE3-B918-2A166F9E7F0D}"
EndProject
Project("{8BC9CEB8-8B4A-11D0-8D11-00A0C91BC942}") = "GPT0020", "GPT0020\GPT0020.vcxproj", "{E82691F6-DE48-45DC-B29F-E885D6301E71}"
EndProject
Project("{8BC9CEB8-8B4A-11D0-8D11-00A0C91BC942}") = "GPT0021", "GPT0021\GPT0021.vcxproj", "{BF8C0166-62CE-49EC-9662-6F0B770940CF}"
EndProject
Project("{8BC9CEB8-8B4A-11D0-8D11-00A0C91BC942}") = "GPT0022", "GPT0022\GPT0022.vcxproj", "{59263213-C593-4270-962C-18902A606841}"
EndProject
Project("{8BC9CEB8-8B4A-11D0-8D11-00A0C91BC942}") = "GPT0023", "GPT0023\GPT0023.vcxproj", "{88FD77AD-FAD3-4248-A5E5-1413EF961971}"
EndProject
Project("{8BC9CEB8-8B4A-11D0-8D11-00A0C91BC942}") = "GPT0024", "GPT0024\GPT0024.vcxproj", "{05816EB6-7687-4103-9157-E98F9D278F75}"
EndProject
Project("{8BC9CEB8-8B4A-11D0-8D11-00A0C91BC942}") = "GPT0025", "GPT0025\GPT0025.vcxproj", "{22D08EB7-4ACE-4399-A705-58DE198D7B14}"
EndProject
Project("{8BC9CEB8-8B4A-11D0-8D11-00A0C91BC942}") = "GPT0026", "GPT0026\GPT0026.vcxproj", "{780A83F8-CDF2-477B-B7E4-6C183BB500DE}"
EndProject
Project("{8BC9CEB8-8B4A-11D0-8D11-00A0C91BC942}") = "Main1058", "Main1058\Main1058.vcxproj", "{8A134FBC-883B-4A01-BD11-4E6A90661F23}"
EndProject
Project("{8BC9CEB8-8B4A-11D0-8D11-00A0C91BC942}") = "Main10814_1", "Main10814\Main10814.vcxproj", "{4001A287-DFFA-4E87-8711-CC3F814A317E}"
EndProject
Project("{8BC9CEB8-8B4A-11D0-8D11-00A0C91BC942}") = "Main10814_2", "Main10814_2\Main10814_2.vcxproj", "{AC62B53D-858E-4233-9147-DCAA31A2A204}"
EndProject
Project("{8BC9CEB8-8B4A-11D0-8D11-00A0C91BC942}") = "Main10989", "Main10989\Main10989.vcxproj", "{BE1D511C-E199-4BCE-84B0-55695CE5E263}"
EndProject
Project("{8BC9CEB8-8B4A-11D0-8D11-00A0C91BC942}") = "GPT0027", "GPT0027\GPT0027.vcxproj", "{894CADA8-A07B-4BC2-A3BF-99CFB15F861E}"
EndProject
Project("{8BC9CEB8-8B4A-11D0-8D11-00A0C91BC942}") = "GPT0028", "GPT0028\GPT0028.vcxproj", "{64DF4690-5C3C-42A4-869D-CCC4921EB347}"
EndProject
Project("{8BC9CEB8-8B4A-11D0-8D11-00A0C91BC942}") = "GPT0029", "GPT0029\GPT0029.vcxproj", "{96A5E5F5-E06D-44DA-8DD3-B8BF48B1AB53}"
EndProject
Project("{8BC9CEB8-8B4A-11D0-8D11-00A0C91BC942}") = "GPT0031", "GPT0031\GPT0031.vcxproj", "{EA6D0062-D9C5-4A2E-9AB7-736602DF7C7D}"
EndProject
Project("{8BC9CEB8-8B4A-11D0-8D11-00A0C91BC942}") = "GPT0032", "GPT0032\GPT0032.vcxproj", "{CFD6EF2D-F13A-4B9F-B273-AA34F5ACB849}"
EndProject
Project("{8BC9CEB8-8B4A-11D0-8D11-00A0C91BC942}") = "GPT0033", "GPT0033\GPT0033.vcxproj", "{D0449981-65A6-4326-8DAF-379E5FECA8D8}"
EndProject
Project("{8BC9CEB8-8B4A-11D0-8D11-00A0C91BC942}") = "GPT0034", "GPT0034\GPT0034.vcxproj", "{37A41AD8-CC97-4E47-8705-5A90E6BEE07A}"
EndProject
Project("{8BC9CEB8-8B4A-11D0-8D11-00A0C91BC942}") = "GPT0035", "GPT0035\GPT0035.vcxproj", "{11C2D2EA-F0FF-4AB3-B796-28C163582064}"
EndProject
Project("{8BC9CEB8-8B4A-11D0-8D11-00A0C91BC942}") = "GPT0036", "GPT0036\GPT0036.vcxproj", "{E6C4E2EE-0470-4802-98B5-B2DA07DC3F0C}"
EndProject
Project("{8BC9CEB8-8B4A-11D0-8D11-00A0C91BC942}") = "GPT0037", "GPT0037\GPT0037.vcxproj", "{CEF6F7BB-DE5E-4AFB-AE88-105237118352}"
EndProject
Project("{8BC9CEB8-8B4A-11D0-8D11-00A0C91BC942}") = "FlexADTDB", "FlexADTDB\FlexADTDB.vcxproj", "{4599FB8E-D06E-459A-9132-854B93D4F4C9}"
EndProject
Project("{8BC9CEB8-8B4A-11D0-8D11-00A0C91BC942}") = "GPT0038", "GPT0038\GPT0038.vcxproj", "{4CE31B49-2D4D-402D-9714-14F8ED1DE341}"
EndProject
Project("{8BC9CEB8-8B4A-11D0-8D11-00A0C91BC942}") = "GPT0030", "GPT0030\GPT0030.vcxproj", "{B2FA903A-0D2B-4D70-9993-D59F2384CCC6}"
EndProject
Project("{8BC9CEB8-8B4A-11D0-8D11-00A0C91BC942}") = "GPT0039", "GPT0039\GPT0039.vcxproj", "{3BAE6349-C110-40CA-B040-75482ADBE362}"
EndProject
Project("{8BC9CEB8-8B4A-11D0-8D11-00A0C91BC942}") = "GPT0040", "GPT0040\GPT0040.vcxproj", "{DF2E795A-1CBD-4CB5-9547-84F7232636C4}"
EndProject
Project("{8BC9CEB8-8B4A-11D0-8D11-00A0C91BC942}") = "GPT0041", "GPT0041\GPT0041.vcxproj", "{BBCC85F9-C1F1-4619-84D2-780CFC3202FA}"
EndProject
Project("{8BC9CEB8-8B4A-11D0-8D11-00A0C91BC942}") = "GPT0042", "GPT0042\GPT0042.vcxproj", "{67C6AB2A-5C17-4291-9702-2CB6B1F1C115}"
EndProject
Project("{8BC9CEB8-8B4A-11D0-8D11-00A0C91BC942}") = "GPT0043", "GPT0043\GPT0043.vcxproj", "{8695FA1B-FCE9-4002-A86D-B9F7E0001412}"
EndProject
Project("{8BC9CEB8-8B4A-11D0-8D11-00A0C91BC942}") = "GPT0044", "GPT0044\GPT0044.vcxproj", "{8FB66238-D829-49C5-882B-E3DA2248C331}"
EndProject
Project("{8BC9CEB8-8B4A-11D0-8D11-00A0C91BC942}") = "GPT0045", "ConsoleApplication1\ConsoleApplication1.vcxproj", "{17200B22-B542-476D-A486-6794DF3DE56A}"
EndProject
Project("{8BC9CEB8-8B4A-11D0-8D11-00A0C91BC942}") = "GPT0046", "GPT0046\GPT0046.vcxproj", "{E0CAC860-4378-494C-A850-B1A2F86B3A9F}"
EndProject
Project("{8BC9CEB8-8B4A-11D0-8D11-00A0C91BC942}") = "GPT0047", "GPT0047\GPT0047.vcxproj", "{096A5012-E1A1-401D-91CC-9C3493666566}"
EndProject
Project("{8BC9CEB8-8B4A-11D0-8D11-00A0C91BC942}") = "GPT0048", "GPT0048.c\GPT0048.c.vcxproj", "{CEFFE84A-385E-459A-AA82-D88F9F5A9707}"
EndProject
Project("{8BC9CEB8-8B4A-11D0-8D11-00A0C91BC942}") = "GPT0049", "GPT0049\GPT0049.vcxproj", "{70BCD205-31CD-4CE6-9164-BD6CE2A412CE}"
EndProject
Project("{8BC9CEB8-8B4A-11D0-8D11-00A0C91BC942}") = "GPT0050", "GPT0050\GPT0050.vcxproj", "{165C510E-7180-43CB-9F0C-4CDED7C3AEE8}"
EndProject
Project("{8BC9CEB8-8B4A-11D0-8D11-00A0C91BC942}") = "GPT0051", "GPT0051\GPT0051.vcxproj", "{FE8AF0EF-A082-4591-9D39-C2BE5ADD6011}"
EndProject
Project("{8BC9CEB8-8B4A-11D0-8D11-00A0C91BC942}") = "GPT0052", "GPT0052\GPT0052.vcxproj", "{4554606E-2083-4B7D-A79A-1EAB41F9CA13}"
EndProject
Project("{8BC9CEB8-8B4A-11D0-8D11-00A0C91BC942}") = "GPT0053", "GPT0053\GPT0053.vcxproj", "{3DFF8D24-FA0A-465E-AC40-DEE462A9F37B}"
EndProject
Project("{8BC9CEB8-8B4A-11D0-8D11-00A0C91BC942}") = "GPT0054", "GPT0054\GPT0054.vcxproj", "{69D7D497-4AAA-48F5-9340-2CA0EDE247A1}"
EndProject
Project("{8BC9CEB8-8B4A-11D0-8D11-00A0C91BC942}") = "AdStruct", "AdStruct\AdStruct.vcxproj", "{3AE8EBD0-4054-4CD9-8DCC-8AA4A3C8D958}"
EndProject
Project("{8BC9CEB8-8B4A-11D0-8D11-00A0C91BC942}") = "GPT0055", "GPT0055\GPT0055.vcxproj", "{DEC0E3B1-B23C-4B5C-A70E-0A0F0F7649F7}"
EndProject
Project("{8BC9CEB8-8B4A-11D0-8D11-00A0C91BC942}") = "GPT0056", "GPT0056\GPT0056.vcxproj", "{EE9339D8-90A8-48F8-9B3A-A8BF8FAE0FB3}"
EndProject
Project("{8BC9CEB8-8B4A-11D0-8D11-00A0C91BC942}") = "GPT0057", "혰0057\혰0057.vcxproj", "{49A23909-BD02-4DD4-AE6F-FA8E878AA8A1}"
EndProject
Project("{8BC9CEB8-8B4A-11D0-8D11-00A0C91BC942}") = "GPT0058", "GPT0058\GPT0058.vcxproj", "{9029FFB6-FC98-4BF8-A7A3-2029DE528475}"
EndProject
Project("{8BC9CEB8-8B4A-11D0-8D11-00A0C91BC942}") = "GPT0059", "GPT0059\GPT0059.vcxproj", "{E400675D-242C-48A4-B98F-A5EE26F68816}"
EndProject
Project("{8BC9CEB8-8B4A-11D0-8D11-00A0C91BC942}") = "GPT0060", "GPT0060\GPT0060.vcxproj", "{96CCABBC-9B6E-48AE-BC82-6CCB8548084B}"
EndProject
Project("{8BC9CEB8-8B4A-11D0-8D11-00A0C91BC942}") = "GPT0061", "GPT0061\GPT0061.vcxproj", "{00C57D5F-67B2-459B-88A2-0E7FE4CE0DC2}"
EndProject
Global
	GlobalSection(SolutionConfigurationPlatforms) = preSolution
		Debug|x64 = Debug|x64
		Debug|x86 = Debug|x86
		Release|x64 = Release|x64
		Release|x86 = Release|x86
	EndGlobalSection
	GlobalSection(ProjectConfigurationPlatforms) = postSolution
		{35B3122F-140D-4139-AC8D-97C8140E2AB6}.Debug|x64.ActiveCfg = Debug|x64
		{35B3122F-140D-4139-AC8D-97C8140E2AB6}.Debug|x64.Build.0 = Debug|x64
		{35B3122F-140D-4139-AC8D-97C8140E2AB6}.Debug|x86.ActiveCfg = Debug|Win32
		{35B3122F-140D-4139-AC8D-97C8140E2AB6}.Debug|x86.Build.0 = Debug|Win32
		{35B3122F-140D-4139-AC8D-97C8140E2AB6}.Release|x64.ActiveCfg = Release|x64
		{35B3122F-140D-4139-AC8D-97C8140E2AB6}.Release|x64.Build.0 = Release|x64
		{35B3122F-140D-4139-AC8D-97C8140E2AB6}.Release|x86.ActiveCfg = Release|Win32
		{35B3122F-140D-4139-AC8D-97C8140E2AB6}.Release|x86.Build.0 = Release|Win32
		{D1474527-B76D-41F4-82F4-131F0FE4707A}.Debug|x64.ActiveCfg = Debug|x64
		{D1474527-B76D-41F4-82F4-131F0FE4707A}.Debug|x64.Build.0 = Debug|x64
		{D1474527-B76D-41F4-82F4-131F0FE4707A}.Debug|x86.ActiveCfg = Debug|Win32
		{D1474527-B76D-41F4-82F4-131F0FE4707A}.Debug|x86.Build.0 = Debug|Win32
		{D1474527-B76D-41F4-82F4-131F0FE4707A}.Release|x64.ActiveCfg = Release|x64
		{D1474527-B76D-41F4-82F4-131F0FE4707A}.Release|x64.Build.0 = Release|x64
		{D1474527-B76D-41F4-82F4-131F0FE4707A}.Release|x86.ActiveCfg = Release|Win32
		{D1474527-B76D-41F4-82F4-131F0FE4707A}.Release|x86.Build.0 = Release|Win32
		{DD9E575D-5493-464A-B80D-AB5FF00B4CC8}.Debug|x64.ActiveCfg = Debug|x64
		{DD9E575D-5493-464A-B80D-AB5FF00B4CC8}.Debug|x64.Build.0 = Debug|x64
		{DD9E575D-5493-464A-B80D-AB5FF00B4CC8}.Debug|x86.ActiveCfg = Debug|Win32
		{DD9E575D-5493-464A-B80D-AB5FF00B4CC8}.Debug|x86.Build.0 = Debug|Win32
		{DD9E575D-5493-464A-B80D-AB5FF00B4CC8}.Release|x64.ActiveCfg = Release|x64
		{DD9E575D-5493-464A-B80D-AB5FF00B4CC8}.Release|x64.Build.0 = Release|x64
		{DD9E575D-5493-464A-B80D-AB5FF00B4CC8}.Release|x86.ActiveCfg = Release|Win32
		{DD9E575D-5493-464A-B80D-AB5FF00B4CC8}.Release|x86.Build.0 = Release|Win32
		{FEC111AC-1206-4CB2-9EDE-55915C48AC09}.Debug|x64.ActiveCfg = Debug|x64
		{FEC111AC-1206-4CB2-9EDE-55915C48AC09}.Debug|x64.Build.0 = Debug|x64
		{FEC111AC-1206-4CB2-9EDE-55915C48AC09}.Debug|x86.ActiveCfg = Debug|Win32
		{FEC111AC-1206-4CB2-9EDE-55915C48AC09}.Debug|x86.Build.0 = Debug|Win32
		{FEC111AC-1206-4CB2-9EDE-55915C48AC09}.Release|x64.ActiveCfg = Release|x64
		{FEC111AC-1206-4CB2-9EDE-55915C48AC09}.Release|x64.Build.0 = Release|x64
		{FEC111AC-1206-4CB2-9EDE-55915C48AC09}.Release|x86.ActiveCfg = Release|Win32
		{FEC111AC-1206-4CB2-9EDE-55915C48AC09}.Release|x86.Build.0 = Release|Win32
		{9E118A88-7E34-45DA-B21F-51FDFDE4C81E}.Debug|x64.ActiveCfg = Debug|x64
		{9E118A88-7E34-45DA-B21F-51FDFDE4C81E}.Debug|x64.Build.0 = Debug|x64
		{9E118A88-7E34-45DA-B21F-51FDFDE4C81E}.Debug|x86.ActiveCfg = Debug|Win32
		{9E118A88-7E34-45DA-B21F-51FDFDE4C81E}.Debug|x86.Build.0 = Debug|Win32
		{9E118A88-7E34-45DA-B21F-51FDFDE4C81E}.Release|x64.ActiveCfg = Release|x64
		{9E118A88-7E34-45DA-B21F-51FDFDE4C81E}.Release|x64.Build.0 = Release|x64
		{9E118A88-7E34-45DA-B21F-51FDFDE4C81E}.Release|x86.ActiveCfg = Release|Win32
		{9E118A88-7E34-45DA-B21F-51FDFDE4C81E}.Release|x86.Build.0 = Release|Win32
		{EA5A012E-CBD6-4560-A0AD-995A37D5499B}.Debug|x64.ActiveCfg = Debug|x64
		{EA5A012E-CBD6-4560-A0AD-995A37D5499B}.Debug|x64.Build.0 = Debug|x64
		{EA5A012E-CBD6-4560-A0AD-995A37D5499B}.Debug|x86.ActiveCfg = Debug|Win32
		{EA5A012E-CBD6-4560-A0AD-995A37D5499B}.Debug|x86.Build.0 = Debug|Win32
		{EA5A012E-CBD6-4560-A0AD-995A37D5499B}.Release|x64.ActiveCfg = Release|x64
		{EA5A012E-CBD6-4560-A0AD-995A37D5499B}.Release|x64.Build.0 = Release|x64
		{EA5A012E-CBD6-4560-A0AD-995A37D5499B}.Release|x86.ActiveCfg = Release|Win32
		{EA5A012E-CBD6-4560-A0AD-995A37D5499B}.Release|x86.Build.0 = Release|Win32
		{03E05B1A-D364-4976-AFB2-0E723B474F8A}.Debug|x64.ActiveCfg = Debug|x64
		{03E05B1A-D364-4976-AFB2-0E723B474F8A}.Debug|x64.Build.0 = Debug|x64
		{03E05B1A-D364-4976-AFB2-0E723B474F8A}.Debug|x86.ActiveCfg = Debug|Win32
		{03E05B1A-D364-4976-AFB2-0E723B474F8A}.Debug|x86.Build.0 = Debug|Win32
		{03E05B1A-D364-4976-AFB2-0E723B474F8A}.Release|x64.ActiveCfg = Release|x64
		{03E05B1A-D364-4976-AFB2-0E723B474F8A}.Release|x64.Build.0 = Release|x64
		{03E05B1A-D364-4976-AFB2-0E723B474F8A}.Release|x86.ActiveCfg = Release|Win32
		{03E05B1A-D364-4976-AFB2-0E723B474F8A}.Release|x86.Build.0 = Release|Win32
		{36D595BB-1F8E-4C8A-8CA5-280A03284F18}.Debug|x64.ActiveCfg = Debug|x64
		{36D595BB-1F8E-4C8A-8CA5-280A03284F18}.Debug|x64.Build.0 = Debug|x64
		{36D595BB-1F8E-4C8A-8CA5-280A03284F18}.Debug|x86.ActiveCfg = Debug|Win32
		{36D595BB-1F8E-4C8A-8CA5-280A03284F18}.Debug|x86.Build.0 = Debug|Win32
		{36D595BB-1F8E-4C8A-8CA5-280A03284F18}.Release|x64.ActiveCfg = Release|x64
		{36D595BB-1F8E-4C8A-8CA5-280A03284F18}.Release|x64.Build.0 = Release|x64
		{36D595BB-1F8E-4C8A-8CA5-280A03284F18}.Release|x86.ActiveCfg = Release|Win32
		{36D595BB-1F8E-4C8A-8CA5-280A03284F18}.Release|x86.Build.0 = Release|Win32
		{AA491900-FF49-4C4A-B2BE-34431D9FA38B}.Debug|x64.ActiveCfg = Debug|x64
		{AA491900-FF49-4C4A-B2BE-34431D9FA38B}.Debug|x64.Build.0 = Debug|x64
		{AA491900-FF49-4C4A-B2BE-34431D9FA38B}.Debug|x86.ActiveCfg = Debug|Win32
		{AA491900-FF49-4C4A-B2BE-34431D9FA38B}.Debug|x86.Build.0 = Debug|Win32
		{AA491900-FF49-4C4A-B2BE-34431D9FA38B}.Release|x64.ActiveCfg = Release|x64
		{AA491900-FF49-4C4A-B2BE-34431D9FA38B}.Release|x64.Build.0 = Release|x64
		{AA491900-FF49-4C4A-B2BE-34431D9FA38B}.Release|x86.ActiveCfg = Release|Win32
		{AA491900-FF49-4C4A-B2BE-34431D9FA38B}.Release|x86.Build.0 = Release|Win32
		{4862BDB2-D925-4EE9-9248-7FB335D70D75}.Debug|x64.ActiveCfg = Debug|x64
		{4862BDB2-D925-4EE9-9248-7FB335D70D75}.Debug|x64.Build.0 = Debug|x64
		{4862BDB2-D925-4EE9-9248-7FB335D70D75}.Debug|x86.ActiveCfg = Debug|Win32
		{4862BDB2-D925-4EE9-9248-7FB335D70D75}.Debug|x86.Build.0 = Debug|Win32
		{4862BDB2-D925-4EE9-9248-7FB335D70D75}.Release|x64.ActiveCfg = Release|x64
		{4862BDB2-D925-4EE9-9248-7FB335D70D75}.Release|x64.Build.0 = Release|x64
		{4862BDB2-D925-4EE9-9248-7FB335D70D75}.Release|x86.ActiveCfg = Release|Win32
		{4862BDB2-D925-4EE9-9248-7FB335D70D75}.Release|x86.Build.0 = Release|Win32
		{1514049C-C2AC-4319-B98F-9D4FF9FA5507}.Debug|x64.ActiveCfg = Debug|x64
		{1514049C-C2AC-4319-B98F-9D4FF9FA5507}.Debug|x64.Build.0 = Debug|x64
		{1514049C-C2AC-4319-B98F-9D4FF9FA5507}.Debug|x86.ActiveCfg = Debug|Win32
		{1514049C-C2AC-4319-B98F-9D4FF9FA5507}.Debug|x86.Build.0 = Debug|Win32
		{1514049C-C2AC-4319-B98F-9D4FF9FA5507}.Release|x64.ActiveCfg = Release|x64
		{1514049C-C2AC-4319-B98F-9D4FF9FA5507}.Release|x64.Build.0 = Release|x64
		{1514049C-C2AC-4319-B98F-9D4FF9FA5507}.Release|x86.ActiveCfg = Release|Win32
		{1514049C-C2AC-4319-B98F-9D4FF9FA5507}.Release|x86.Build.0 = Release|Win32
		{33557F82-617C-4C1B-BFBE-1AB6B043A040}.Debug|x64.ActiveCfg = Debug|x64
		{33557F82-617C-4C1B-BFBE-1AB6B043A040}.Debug|x64.Build.0 = Debug|x64
		{33557F82-617C-4C1B-BFBE-1AB6B043A040}.Debug|x86.ActiveCfg = Debug|Win32
		{33557F82-617C-4C1B-BFBE-1AB6B043A040}.Debug|x86.Build.0 = Debug|Win32
		{33557F82-617C-4C1B-BFBE-1AB6B043A040}.Release|x64.ActiveCfg = Release|x64
		{33557F82-617C-4C1B-BFBE-1AB6B043A040}.Release|x64.Build.0 = Release|x64
		{33557F82-617C-4C1B-BFBE-1AB6B043A040}.Release|x86.ActiveCfg = Release|Win32
		{33557F82-617C-4C1B-BFBE-1AB6B043A040}.Release|x86.Build.0 = Release|Win32
		{1694DC0F-4F03-470E-92F1-193B8D1B31AB}.Debug|x64.ActiveCfg = Debug|x64
		{1694DC0F-4F03-470E-92F1-193B8D1B31AB}.Debug|x64.Build.0 = Debug|x64
		{1694DC0F-4F03-470E-92F1-193B8D1B31AB}.Debug|x86.ActiveCfg = Debug|Win32
		{1694DC0F-4F03-470E-92F1-193B8D1B31AB}.Debug|x86.Build.0 = Debug|Win32
		{1694DC0F-4F03-470E-92F1-193B8D1B31AB}.Release|x64.ActiveCfg = Release|x64
		{1694DC0F-4F03-470E-92F1-193B8D1B31AB}.Release|x64.Build.0 = Release|x64
		{1694DC0F-4F03-470E-92F1-193B8D1B31AB}.Release|x86.ActiveCfg = Release|Win32
		{1694DC0F-4F03-470E-92F1-193B8D1B31AB}.Release|x86.Build.0 = Release|Win32
		{221D2EE1-0A1B-430F-8352-20E8CC757204}.Debug|x64.ActiveCfg = Debug|x64
		{221D2EE1-0A1B-430F-8352-20E8CC757204}.Debug|x64.Build.0 = Debug|x64
		{221D2EE1-0A1B-430F-8352-20E8CC757204}.Debug|x86.ActiveCfg = Debug|Win32
		{221D2EE1-0A1B-430F-8352-20E8CC757204}.Debug|x86.Build.0 = Debug|Win32
		{221D2EE1-0A1B-430F-8352-20E8CC757204}.Release|x64.ActiveCfg = Release|x64
		{221D2EE1-0A1B-430F-8352-20E8CC757204}.Release|x64.Build.0 = Release|x64
		{221D2EE1-0A1B-430F-8352-20E8CC757204}.Release|x86.ActiveCfg = Release|Win32
		{221D2EE1-0A1B-430F-8352-20E8CC757204}.Release|x86.Build.0 = Release|Win32
		{703B7C58-71C0-4E15-83AC-C42CDC5479C7}.Debug|x64.ActiveCfg = Debug|x64
		{703B7C58-71C0-4E15-83AC-C42CDC5479C7}.Debug|x64.Build.0 = Debug|x64
		{703B7C58-71C0-4E15-83AC-C42CDC5479C7}.Debug|x86.ActiveCfg = Debug|Win32
		{703B7C58-71C0-4E15-83AC-C42CDC5479C7}.Debug|x86.Build.0 = Debug|Win32
		{703B7C58-71C0-4E15-83AC-C42CDC5479C7}.Release|x64.ActiveCfg = Release|x64
		{703B7C58-71C0-4E15-83AC-C42CDC5479C7}.Release|x64.Build.0 = Release|x64
		{703B7C58-71C0-4E15-83AC-C42CDC5479C7}.Release|x86.ActiveCfg = Release|Win32
		{703B7C58-71C0-4E15-83AC-C42CDC5479C7}.Release|x86.Build.0 = Release|Win32
		{EABF88C3-9869-4345-A4FD-1D0F4DC1DDB1}.Debug|x64.ActiveCfg = Debug|x64
		{EABF88C3-9869-4345-A4FD-1D0F4DC1DDB1}.Debug|x64.Build.0 = Debug|x64
		{EABF88C3-9869-4345-A4FD-1D0F4DC1DDB1}.Debug|x86.ActiveCfg = Debug|Win32
		{EABF88C3-9869-4345-A4FD-1D0F4DC1DDB1}.Debug|x86.Build.0 = Debug|Win32
		{EABF88C3-9869-4345-A4FD-1D0F4DC1DDB1}.Release|x64.ActiveCfg = Release|x64
		{EABF88C3-9869-4345-A4FD-1D0F4DC1DDB1}.Release|x64.Build.0 = Release|x64
		{EABF88C3-9869-4345-A4FD-1D0F4DC1DDB1}.Release|x86.ActiveCfg = Release|Win32
		{EABF88C3-9869-4345-A4FD-1D0F4DC1DDB1}.Release|x86.Build.0 = Release|Win32
		{6D87736A-3235-442B-9E6D-883C60790D6F}.Debug|x64.ActiveCfg = Debug|x64
		{6D87736A-3235-442B-9E6D-883C60790D6F}.Debug|x64.Build.0 = Debug|x64
		{6D87736A-3235-442B-9E6D-883C60790D6F}.Debug|x86.ActiveCfg = Debug|Win32
		{6D87736A-3235-442B-9E6D-883C60790D6F}.Debug|x86.Build.0 = Debug|Win32
		{6D87736A-3235-442B-9E6D-883C60790D6F}.Release|x64.ActiveCfg = Release|x64
		{6D87736A-3235-442B-9E6D-883C60790D6F}.Release|x64.Build.0 = Release|x64
		{6D87736A-3235-442B-9E6D-883C60790D6F}.Release|x86.ActiveCfg = Release|Win32
		{6D87736A-3235-442B-9E6D-883C60790D6F}.Release|x86.Build.0 = Release|Win32
		{7D5CA0AA-6F46-4C23-BDA5-9CCD6FF123A6}.Debug|x64.ActiveCfg = Debug|x64
		{7D5CA0AA-6F46-4C23-BDA5-9CCD6FF123A6}.Debug|x64.Build.0 = Debug|x64
		{7D5CA0AA-6F46-4C23-BDA5-9CCD6FF123A6}.Debug|x86.ActiveCfg = Debug|Win32
		{7D5CA0AA-6F46-4C23-BDA5-9CCD6FF123A6}.Debug|x86.Build.0 = Debug|Win32
		{7D5CA0AA-6F46-4C23-BDA5-9CCD6FF123A6}.Release|x64.ActiveCfg = Release|x64
		{7D5CA0AA-6F46-4C23-BDA5-9CCD6FF123A6}.Release|x64.Build.0 = Release|x64
		{7D5CA0AA-6F46-4C23-BDA5-9CCD6FF123A6}.Release|x86.ActiveCfg = Release|Win32
		{7D5CA0AA-6F46-4C23-BDA5-9CCD6FF123A6}.Release|x86.Build.0 = Release|Win32
		{C00E0F18-1713-49E5-B5F3-5A73473A67CF}.Debug|x64.ActiveCfg = Debug|x64
		{C00E0F18-1713-49E5-B5F3-5A73473A67CF}.Debug|x64.Build.0 = Debug|x64
		{C00E0F18-1713-49E5-B5F3-5A73473A67CF}.Debug|x86.ActiveCfg = Debug|Win32
		{C00E0F18-1713-49E5-B5F3-5A73473A67CF}.Debug|x86.Build.0 = Debug|Win32
		{C00E0F18-1713-49E5-B5F3-5A73473A67CF}.Release|x64.ActiveCfg = Release|x64
		{C00E0F18-1713-49E5-B5F3-5A73473A67CF}.Release|x64.Build.0 = Release|x64
		{C00E0F18-1713-49E5-B5F3-5A73473A67CF}.Release|x86.ActiveCfg = Release|Win32
		{C00E0F18-1713-49E5-B5F3-5A73473A67CF}.Release|x86.Build.0 = Release|Win32
		{67CFBABB-3307-49C7-8C0E-DA84A0B50F15}.Debug|x64.ActiveCfg = Debug|x64
		{67CFBABB-3307-49C7-8C0E-DA84A0B50F15}.Debug|x64.Build.0 = Debug|x64
		{67CFBABB-3307-49C7-8C0E-DA84A0B50F15}.Debug|x86.ActiveCfg = Debug|Win32
		{67CFBABB-3307-49C7-8C0E-DA84A0B50F15}.Debug|x86.Build.0 = Debug|Win32
		{67CFBABB-3307-49C7-8C0E-DA84A0B50F15}.Release|x64.ActiveCfg = Release|x64
		{67CFBABB-3307-49C7-8C0E-DA84A0B50F15}.Release|x64.Build.0 = Release|x64
		{67CFBABB-3307-49C7-8C0E-DA84A0B50F15}.Release|x86.ActiveCfg = Release|Win32
		{67CFBABB-3307-49C7-8C0E-DA84A0B50F15}.Release|x86.Build.0 = Release|Win32
		{FCB25160-11B5-4EE3-B918-2A166F9E7F0D}.Debug|x64.ActiveCfg = Debug|x64
		{FCB25160-11B5-4EE3-B918-2A166F9E7F0D}.Debug|x64.Build.0 = Debug|x64
		{FCB25160-11B5-4EE3-B918-2A166F9E7F0D}.Debug|x86.ActiveCfg = Debug|Win32
		{FCB25160-11B5-4EE3-B918-2A166F9E7F0D}.Debug|x86.Build.0 = Debug|Win32
		{FCB25160-11B5-4EE3-B918-2A166F9E7F0D}.Release|x64.ActiveCfg = Release|x64
		{FCB25160-11B5-4EE3-B918-2A166F9E7F0D}.Release|x64.Build.0 = Release|x64
		{FCB25160-11B5-4EE3-B918-2A166F9E7F0D}.Release|x86.ActiveCfg = Release|Win32
		{FCB25160-11B5-4EE3-B918-2A166F9E7F0D}.Release|x86.Build.0 = Release|Win32
		{E82691F6-DE48-45DC-B29F-E885D6301E71}.Debug|x64.ActiveCfg = Debug|x64
		{E82691F6-DE48-45DC-B29F-E885D6301E71}.Debug|x64.Build.0 = Debug|x64
		{E82691F6-DE48-45DC-B29F-E885D6301E71}.Debug|x86.ActiveCfg = Debug|Win32
		{E82691F6-DE48-45DC-B29F-E885D6301E71}.Debug|x86.Build.0 = Debug|Win32
		{E82691F6-DE48-45DC-B29F-E885D6301E71}.Release|x64.ActiveCfg = Release|x64
		{E82691F6-DE48-45DC-B29F-E885D6301E71}.Release|x64.Build.0 = Release|x64
		{E82691F6-DE48-45DC-B29F-E885D6301E71}.Release|x86.ActiveCfg = Release|Win32
		{E82691F6-DE48-45DC-B29F-E885D6301E71}.Release|x86.Build.0 = Release|Win32
		{BF8C0166-62CE-49EC-9662-6F0B770940CF}.Debug|x64.ActiveCfg = Debug|x64
		{BF8C0166-62CE-49EC-9662-6F0B770940CF}.Debug|x64.Build.0 = Debug|x64
		{BF8C0166-62CE-49EC-9662-6F0B770940CF}.Debug|x86.ActiveCfg = Debug|Win32
		{BF8C0166-62CE-49EC-9662-6F0B770940CF}.Debug|x86.Build.0 = Debug|Win32
		{BF8C0166-62CE-49EC-9662-6F0B770940CF}.Release|x64.ActiveCfg = Release|x64
		{BF8C0166-62CE-49EC-9662-6F0B770940CF}.Release|x64.Build.0 = Release|x64
		{BF8C0166-62CE-49EC-9662-6F0B770940CF}.Release|x86.ActiveCfg = Release|Win32
		{BF8C0166-62CE-49EC-9662-6F0B770940CF}.Release|x86.Build.0 = Release|Win32
		{59263213-C593-4270-962C-18902A606841}.Debug|x64.ActiveCfg = Debug|x64
		{59263213-C593-4270-962C-18902A606841}.Debug|x64.Build.0 = Debug|x64
		{59263213-C593-4270-962C-18902A606841}.Debug|x86.ActiveCfg = Debug|Win32
		{59263213-C593-4270-962C-18902A606841}.Debug|x86.Build.0 = Debug|Win32
		{59263213-C593-4270-962C-18902A606841}.Release|x64.ActiveCfg = Release|x64
		{59263213-C593-4270-962C-18902A606841}.Release|x64.Build.0 = Release|x64
		{59263213-C593-4270-962C-18902A606841}.Release|x86.ActiveCfg = Release|Win32
		{59263213-C593-4270-962C-18902A606841}.Release|x86.Build.0 = Release|Win32
		{88FD77AD-FAD3-4248-A5E5-1413EF961971}.Debug|x64.ActiveCfg = Debug|x64
		{88FD77AD-FAD3-4248-A5E5-1413EF961971}.Debug|x64.Build.0 = Debug|x64
		{88FD77AD-FAD3-4248-A5E5-1413EF961971}.Debug|x86.ActiveCfg = Debug|Win32
		{88FD77AD-FAD3-4248-A5E5-1413EF961971}.Debug|x86.Build.0 = Debug|Win32
		{88FD77AD-FAD3-4248-A5E5-1413EF961971}.Release|x64.ActiveCfg = Release|x64
		{88FD77AD-FAD3-4248-A5E5-1413EF961971}.Release|x64.Build.0 = Release|x64
		{88FD77AD-FAD3-4248-A5E5-1413EF961971}.Release|x86.ActiveCfg = Release|Win32
		{88FD77AD-FAD3-4248-A5E5-1413EF961971}.Release|x86.Build.0 = Release|Win32
		{05816EB6-7687-4103-9157-E98F9D278F75}.Debug|x64.ActiveCfg = Debug|x64
		{05816EB6-7687-4103-9157-E98F9D278F75}.Debug|x64.Build.0 = Debug|x64
		{05816EB6-7687-4103-9157-E98F9D278F75}.Debug|x86.ActiveCfg = Debug|Win32
		{05816EB6-7687-4103-9157-E98F9D278F75}.Debug|x86.Build.0 = Debug|Win32
		{05816EB6-7687-4103-9157-E98F9D278F75}.Release|x64.ActiveCfg = Release|x64
		{05816EB6-7687-4103-9157-E98F9D278F75}.Release|x64.Build.0 = Release|x64
		{05816EB6-7687-4103-9157-E98F9D278F75}.Release|x86.ActiveCfg = Release|Win32
		{05816EB6-7687-4103-9157-E98F9D278F75}.Release|x86.Build.0 = Release|Win32
		{22D08EB7-4ACE-4399-A705-58DE198D7B14}.Debug|x64.ActiveCfg = Debug|x64
		{22D08EB7-4ACE-4399-A705-58DE198D7B14}.Debug|x64.Build.0 = Debug|x64
		{22D08EB7-4ACE-4399-A705-58DE198D7B14}.Debug|x86.ActiveCfg = Debug|Win32
		{22D08EB7-4ACE-4399-A705-58DE198D7B14}.Debug|x86.Build.0 = Debug|Win32
		{22D08EB7-4ACE-4399-A705-58DE198D7B14}.Release|x64.ActiveCfg = Release|x64
		{22D08EB7-4ACE-4399-A705-58DE198D7B14}.Release|x64.Build.0 = Release|x64
		{22D08EB7-4ACE-4399-A705-58DE198D7B14}.Release|x86.ActiveCfg = Release|Win32
		{22D08EB7-4ACE-4399-A705-58DE198D7B14}.Release|x86.Build.0 = Release|Win32
		{780A83F8-CDF2-477B-B7E4-6C183BB500DE}.Debug|x64.ActiveCfg = Debug|x64
		{780A83F8-CDF2-477B-B7E4-6C183BB500DE}.Debug|x64.Build.0 = Debug|x64
		{780A83F8-CDF2-477B-B7E4-6C183BB500DE}.Debug|x86.ActiveCfg = Debug|Win32
		{780A83F8-CDF2-477B-B7E4-6C183BB500DE}.Debug|x86.Build.0 = Debug|Win32
		{780A83F8-CDF2-477B-B7E4-6C183BB500DE}.Release|x64.ActiveCfg = Release|x64
		{780A83F8-CDF2-477B-B7E4-6C183BB500DE}.Release|x64.Build.0 = Release|x64
		{780A83F8-CDF2-477B-B7E4-6C183BB500DE}.Release|x86.ActiveCfg = Release|Win32
		{780A83F8-CDF2-477B-B7E4-6C183BB500DE}.Release|x86.Build.0 = Release|Win32
		{8A134FBC-883B-4A01-BD11-4E6A90661F23}.Debug|x64.ActiveCfg = Debug|x64
		{8A134FBC-883B-4A01-BD11-4E6A90661F23}.Debug|x64.Build.0 = Debug|x64
		{8A134FBC-883B-4A01-BD11-4E6A90661F23}.Debug|x86.ActiveCfg = Debug|Win32
		{8A134FBC-883B-4A01-BD11-4E6A90661F23}.Debug|x86.Build.0 = Debug|Win32
		{8A134FBC-883B-4A01-BD11-4E6A90661F23}.Release|x64.ActiveCfg = Release|x64
		{8A134FBC-883B-4A01-BD11-4E6A90661F23}.Release|x64.Build.0 = Release|x64
		{8A134FBC-883B-4A01-BD11-4E6A90661F23}.Release|x86.ActiveCfg = Release|Win32
		{8A134FBC-883B-4A01-BD11-4E6A90661F23}.Release|x86.Build.0 = Release|Win32
		{4001A287-DFFA-4E87-8711-CC3F814A317E}.Debug|x64.ActiveCfg = Debug|x64
		{4001A287-DFFA-4E87-8711-CC3F814A317E}.Debug|x64.Build.0 = Debug|x64
		{4001A287-DFFA-4E87-8711-CC3F814A317E}.Debug|x86.ActiveCfg = Debug|Win32
		{4001A287-DFFA-4E87-8711-CC3F814A317E}.Debug|x86.Build.0 = Debug|Win32
		{4001A287-DFFA-4E87-8711-CC3F814A317E}.Release|x64.ActiveCfg = Release|x64
		{4001A287-DFFA-4E87-8711-CC3F814A317E}.Release|x64.Build.0 = Release|x64
		{4001A287-DFFA-4E87-8711-CC3F814A317E}.Release|x86.ActiveCfg = Release|Win32
		{4001A287-DFFA-4E87-8711-CC3F814A317E}.Release|x86.Build.0 = Release|Win32
		{AC62B53D-858E-4233-9147-DCAA31A2A204}.Debug|x64.ActiveCfg = Debug|x64
		{AC62B53D-858E-4233-9147-DCAA31A2A204}.Debug|x64.Build.0 = Debug|x64
		{AC62B53D-858E-4233-9147-DCAA31A2A204}.Debug|x86.ActiveCfg = Debug|Win32
		{AC62B53D-858E-4233-9147-DCAA31A2A204}.Debug|x86.Build.0 = Debug|Win32
		{AC62B53D-858E-4233-9147-DCAA31A2A204}.Release|x64.ActiveCfg = Release|x64
		{AC62B53D-858E-4233-9147-DCAA31A2A204}.Release|x64.Build.0 = Release|x64
		{AC62B53D-858E-4233-9147-DCAA31A2A204}.Release|x86.ActiveCfg = Release|Win32
		{AC62B53D-858E-4233-9147-DCAA31A2A204}.Release|x86.Build.0 = Release|Win32
		{BE1D511C-E199-4BCE-84B0-55695CE5E263}.Debug|x64.ActiveCfg = Debug|x64
		{BE1D511C-E199-4BCE-84B0-55695CE5E263}.Debug|x64.Build.0 = Debug|x64
		{BE1D511C-E199-4BCE-84B0-55695CE5E263}.Debug|x86.ActiveCfg = Debug|Win32
		{BE1D511C-E199-4BCE-84B0-55695CE5E263}.Debug|x86.Build.0 = Debug|Win32
		{BE1D511C-E199-4BCE-84B0-55695CE5E263}.Release|x64.ActiveCfg = Release|x64
		{BE1D511C-E199-4BCE-84B0-55695CE5E263}.Release|x64.Build.0 = Release|x64
		{BE1D511C-E199-4BCE-84B0-55695CE5E263}.Release|x86.ActiveCfg = Release|Win32
		{BE1D511C-E199-4BCE-84B0-55695CE5E263}.Release|x86.Build.0 = Release|Win32
		{894CADA8-A07B-4BC2-A3BF-99CFB15F861E}.Debug|x64.ActiveCfg = Debug|x64
		{894CADA8-A07B-4BC2-A3BF-99CFB15F861E}.Debug|x64.Build.0 = Debug|x64
		{894CADA8-A07B-4BC2-A3BF-99CFB15F861E}.Debug|x86.ActiveCfg = Debug|Win32
		{894CADA8-A07B-4BC2-A3BF-99CFB15F861E}.Debug|x86.Build.0 = Debug|Win32
		{894CADA8-A07B-4BC2-A3BF-99CFB15F861E}.Release|x64.ActiveCfg = Release|x64
		{894CADA8-A07B-4BC2-A3BF-99CFB15F861E}.Release|x64.Build.0 = Release|x64
		{894CADA8-A07B-4BC2-A3BF-99CFB15F861E}.Release|x86.ActiveCfg = Release|Win32
		{894CADA8-A07B-4BC2-A3BF-99CFB15F861E}.Release|x86.Build.0 = Release|Win32
		{64DF4690-5C3C-42A4-869D-CCC4921EB347}.Debug|x64.ActiveCfg = Debug|x64
		{64DF4690-5C3C-42A4-869D-CCC4921EB347}.Debug|x64.Build.0 = Debug|x64
		{64DF4690-5C3C-42A4-869D-CCC4921EB347}.Debug|x86.ActiveCfg = Debug|Win32
		{64DF4690-5C3C-42A4-869D-CCC4921EB347}.Debug|x86.Build.0 = Debug|Win32
		{64DF4690-5C3C-42A4-869D-CCC4921EB347}.Release|x64.ActiveCfg = Release|x64
		{64DF4690-5C3C-42A4-869D-CCC4921EB347}.Release|x64.Build.0 = Release|x64
		{64DF4690-5C3C-42A4-869D-CCC4921EB347}.Release|x86.ActiveCfg = Release|Win32
		{64DF4690-5C3C-42A4-869D-CCC4921EB347}.Release|x86.Build.0 = Release|Win32
		{96A5E5F5-E06D-44DA-8DD3-B8BF48B1AB53}.Debug|x64.ActiveCfg = Debug|x64
		{96A5E5F5-E06D-44DA-8DD3-B8BF48B1AB53}.Debug|x64.Build.0 = Debug|x64
		{96A5E5F5-E06D-44DA-8DD3-B8BF48B1AB53}.Debug|x86.ActiveCfg = Debug|Win32
		{96A5E5F5-E06D-44DA-8DD3-B8BF48B1AB53}.Debug|x86.Build.0 = Debug|Win32
		{96A5E5F5-E06D-44DA-8DD3-B8BF48B1AB53}.Release|x64.ActiveCfg = Release|x64
		{96A5E5F5-E06D-44DA-8DD3-B8BF48B1AB53}.Release|x64.Build.0 = Release|x64
		{96A5E5F5-E06D-44DA-8DD3-B8BF48B1AB53}.Release|x86.ActiveCfg = Release|Win32
		{96A5E5F5-E06D-44DA-8DD3-B8BF48B1AB53}.Release|x86.Build.0 = Release|Win32
		{EA6D0062-D9C5-4A2E-9AB7-736602DF7C7D}.Debug|x64.ActiveCfg = Debug|x64
		{EA6D0062-D9C5-4A2E-9AB7-736602DF7C7D}.Debug|x64.Build.0 = Debug|x64
		{EA6D0062-D9C5-4A2E-9AB7-736602DF7C7D}.Debug|x86.ActiveCfg = Debug|Win32
		{EA6D0062-D9C5-4A2E-9AB7-736602DF7C7D}.Debug|x86.Build.0 = Debug|Win32
		{EA6D0062-D9C5-4A2E-9AB7-736602DF7C7D}.Release|x64.ActiveCfg = Release|x64
		{EA6D0062-D9C5-4A2E-9AB7-736602DF7C7D}.Release|x64.Build.0 = Release|x64
		{EA6D0062-D9C5-4A2E-9AB7-736602DF7C7D}.Release|x86.ActiveCfg = Release|Win32
		{EA6D0062-D9C5-4A2E-9AB7-736602DF7C7D}.Release|x86.Build.0 = Release|Win32
		{CFD6EF2D-F13A-4B9F-B273-AA34F5ACB849}.Debug|x64.ActiveCfg = Debug|x64
		{CFD6EF2D-F13A-4B9F-B273-AA34F5ACB849}.Debug|x64.Build.0 = Debug|x64
		{CFD6EF2D-F13A-4B9F-B273-AA34F5ACB849}.Debug|x86.ActiveCfg = Debug|Win32
		{CFD6EF2D-F13A-4B9F-B273-AA34F5ACB849}.Debug|x86.Build.0 = Debug|Win32
		{CFD6EF2D-F13A-4B9F-B273-AA34F5ACB849}.Release|x64.ActiveCfg = Release|x64
		{CFD6EF2D-F13A-4B9F-B273-AA34F5ACB849}.Release|x64.Build.0 = Release|x64
		{CFD6EF2D-F13A-4B9F-B273-AA34F5ACB849}.Release|x86.ActiveCfg = Release|Win32
		{CFD6EF2D-F13A-4B9F-B273-AA34F5ACB849}.Release|x86.Build.0 = Release|Win32
		{D0449981-65A6-4326-8DAF-379E5FECA8D8}.Debug|x64.ActiveCfg = Debug|x64
		{D0449981-65A6-4326-8DAF-379E5FECA8D8}.Debug|x64.Build.0 = Debug|x64
		{D0449981-65A6-4326-8DAF-379E5FECA8D8}.Debug|x86.ActiveCfg = Debug|Win32
		{D0449981-65A6-4326-8DAF-379E5FECA8D8}.Debug|x86.Build.0 = Debug|Win32
		{D0449981-65A6-4326-8DAF-379E5FECA8D8}.Release|x64.ActiveCfg = Release|x64
		{D0449981-65A6-4326-8DAF-379E5FECA8D8}.Release|x64.Build.0 = Release|x64
		{D0449981-65A6-4326-8DAF-379E5FECA8D8}.Release|x86.ActiveCfg = Release|Win32
		{D0449981-65A6-4326-8DAF-379E5FECA8D8}.Release|x86.Build.0 = Release|Win32
		{37A41AD8-CC97-4E47-8705-5A90E6BEE07A}.Debug|x64.ActiveCfg = Debug|x64
		{37A41AD8-CC97-4E47-8705-5A90E6BEE07A}.Debug|x64.Build.0 = Debug|x64
		{37A41AD8-CC97-4E47-8705-5A90E6BEE07A}.Debug|x86.ActiveCfg = Debug|Win32
		{37A41AD8-CC97-4E47-8705-5A90E6BEE07A}.Debug|x86.Build.0 = Debug|Win32
		{37A41AD8-CC97-4E47-8705-5A90E6BEE07A}.Release|x64.ActiveCfg = Release|x64
		{37A41AD8-CC97-4E47-8705-5A90E6BEE07A}.Release|x64.Build.0 = Release|x64
		{37A41AD8-CC97-4E47-8705-5A90E6BEE07A}.Release|x86.ActiveCfg = Release|Win32
		{37A41AD8-CC97-4E47-8705-5A90E6BEE07A}.Release|x86.Build.0 = Release|Win32
		{11C2D2EA-F0FF-4AB3-B796-28C163582064}.Debug|x64.ActiveCfg = Debug|x64
		{11C2D2EA-F0FF-4AB3-B796-28C163582064}.Debug|x64.Build.0 = Debug|x64
		{11C2D2EA-F0FF-4AB3-B796-28C163582064}.Debug|x86.ActiveCfg = Debug|Win32
		{11C2D2EA-F0FF-4AB3-B796-28C163582064}.Debug|x86.Build.0 = Debug|Win32
		{11C2D2EA-F0FF-4AB3-B796-28C163582064}.Release|x64.ActiveCfg = Release|x64
		{11C2D2EA-F0FF-4AB3-B796-28C163582064}.Release|x64.Build.0 = Release|x64
		{11C2D2EA-F0FF-4AB3-B796-28C163582064}.Release|x86.ActiveCfg = Release|Win32
		{11C2D2EA-F0FF-4AB3-B796-28C163582064}.Release|x86.Build.0 = Release|Win32
		{E6C4E2EE-0470-4802-98B5-B2DA07DC3F0C}.Debug|x64.ActiveCfg = Debug|x64
		{E6C4E2EE-0470-4802-98B5-B2DA07DC3F0C}.Debug|x64.Build.0 = Debug|x64
		{E6C4E2EE-0470-4802-98B5-B2DA07DC3F0C}.Debug|x86.ActiveCfg = Debug|Win32
		{E6C4E2EE-0470-4802-98B5-B2DA07DC3F0C}.Debug|x86.Build.0 = Debug|Win32
		{E6C4E2EE-0470-4802-98B5-B2DA07DC3F0C}.Release|x64.ActiveCfg = Release|x64
		{E6C4E2EE-0470-4802-98B5-B2DA07DC3F0C}.Release|x64.Build.0 = Release|x64
		{E6C4E2EE-0470-4802-98B5-B2DA07DC3F0C}.Release|x86.ActiveCfg = Release|Win32
		{E6C4E2EE-0470-4802-98B5-B2DA07DC3F0C}.Release|x86.Build.0 = Release|Win32
		{CEF6F7BB-DE5E-4AFB-AE88-105237118352}.Debug|x64.ActiveCfg = Debug|x64
		{CEF6F7BB-DE5E-4AFB-AE88-105237118352}.Debug|x64.Build.0 = Debug|x64
		{CEF6F7BB-DE5E-4AFB-AE88-105237118352}.Debug|x86.ActiveCfg = Debug|Win32
		{CEF6F7BB-DE5E-4AFB-AE88-105237118352}.Debug|x86.Build.0 = Debug|Win32
		{CEF6F7BB-DE5E-4AFB-AE88-105237118352}.Release|x64.ActiveCfg = Release|x64
		{CEF6F7BB-DE5E-4AFB-AE88-105237118352}.Release|x64.Build.0 = Release|x64
		{CEF6F7BB-DE5E-4AFB-AE88-105237118352}.Release|x86.ActiveCfg = Release|Win32
		{CEF6F7BB-DE5E-4AFB-AE88-105237118352}.Release|x86.Build.0 = Release|Win32
		{4599FB8E-D06E-459A-9132-854B93D4F4C9}.Debug|x64.ActiveCfg = Debug|x64
		{4599FB8E-D06E-459A-9132-854B93D4F4C9}.Debug|x64.Build.0 = Debug|x64
		{4599FB8E-D06E-459A-9132-854B93D4F4C9}.Debug|x86.ActiveCfg = Debug|Win32
		{4599FB8E-D06E-459A-9132-854B93D4F4C9}.Debug|x86.Build.0 = Debug|Win32
		{4599FB8E-D06E-459A-9132-854B93D4F4C9}.Release|x64.ActiveCfg = Release|x64
		{4599FB8E-D06E-459A-9132-854B93D4F4C9}.Release|x64.Build.0 = Release|x64
		{4599FB8E-D06E-459A-9132-854B93D4F4C9}.Release|x86.ActiveCfg = Release|Win32
		{4599FB8E-D06E-459A-9132-854B93D4F4C9}.Release|x86.Build.0 = Release|Win32
		{4CE31B49-2D4D-402D-9714-14F8ED1DE341}.Debug|x64.ActiveCfg = Debug|x64
		{4CE31B49-2D4D-402D-9714-14F8ED1DE341}.Debug|x64.Build.0 = Debug|x64
		{4CE31B49-2D4D-402D-9714-14F8ED1DE341}.Debug|x86.ActiveCfg = Debug|Win32
		{4CE31B49-2D4D-402D-9714-14F8ED1DE341}.Debug|x86.Build.0 = Debug|Win32
		{4CE31B49-2D4D-402D-9714-14F8ED1DE341}.Release|x64.ActiveCfg = Release|x64
		{4CE31B49-2D4D-402D-9714-14F8ED1DE341}.Release|x64.Build.0 = Release|x64
		{4CE31B49-2D4D-402D-9714-14F8ED1DE341}.Release|x86.ActiveCfg = Release|Win32
		{4CE31B49-2D4D-402D-9714-14F8ED1DE341}.Release|x86.Build.0 = Release|Win32
		{B2FA903A-0D2B-4D70-9993-D59F2384CCC6}.Debug|x64.ActiveCfg = Debug|x64
		{B2FA903A-0D2B-4D70-9993-D59F2384CCC6}.Debug|x64.Build.0 = Debug|x64
		{B2FA903A-0D2B-4D70-9993-D59F2384CCC6}.Debug|x86.ActiveCfg = Debug|Win32
		{B2FA903A-0D2B-4D70-9993-D59F2384CCC6}.Debug|x86.Build.0 = Debug|Win32
		{B2FA903A-0D2B-4D70-9993-D59F2384CCC6}.Release|x64.ActiveCfg = Release|x64
		{B2FA903A-0D2B-4D70-9993-D59F2384CCC6}.Release|x64.Build.0 = Release|x64
		{B2FA903A-0D2B-4D70-9993-D59F2384CCC6}.Release|x86.ActiveCfg = Release|Win32
		{B2FA903A-0D2B-4D70-9993-D59F2384CCC6}.Release|x86.Build.0 = Release|Win32
		{3BAE6349-C110-40CA-B040-75482ADBE362}.Debug|x64.ActiveCfg = Debug|x64
		{3BAE6349-C110-40CA-B040-75482ADBE362}.Debug|x64.Build.0 = Debug|x64
		{3BAE6349-C110-40CA-B040-75482ADBE362}.Debug|x86.ActiveCfg = Debug|Win32
		{3BAE6349-C110-40CA-B040-75482ADBE362}.Debug|x86.Build.0 = Debug|Win32
		{3BAE6349-C110-40CA-B040-75482ADBE362}.Release|x64.ActiveCfg = Release|x64
		{3BAE6349-C110-40CA-B040-75482ADBE362}.Release|x64.Build.0 = Release|x64
		{3BAE6349-C110-40CA-B040-75482ADBE362}.Release|x86.ActiveCfg = Release|Win32
		{3BAE6349-C110-40CA-B040-75482ADBE362}.Release|x86.Build.0 = Release|Win32
		{DF2E795A-1CBD-4CB5-9547-84F7232636C4}.Debug|x64.ActiveCfg = Debug|x64
		{DF2E795A-1CBD-4CB5-9547-84F7232636C4}.Debug|x64.Build.0 = Debug|x64
		{DF2E795A-1CBD-4CB5-9547-84F7232636C4}.Debug|x86.ActiveCfg = Debug|Win32
		{DF2E795A-1CBD-4CB5-9547-84F7232636C4}.Debug|x86.Build.0 = Debug|Win32
		{DF2E795A-1CBD-4CB5-9547-84F7232636C4}.Release|x64.ActiveCfg = Release|x64
		{DF2E795A-1CBD-4CB5-9547-84F7232636C4}.Release|x64.Build.0 = Release|x64
		{DF2E795A-1CBD-4CB5-9547-84F7232636C4}.Release|x86.ActiveCfg = Release|Win32
		{DF2E795A-1CBD-4CB5-9547-84F7232636C4}.Release|x86.Build.0 = Release|Win32
		{BBCC85F9-C1F1-4619-84D2-780CFC3202FA}.Debug|x64.ActiveCfg = Debug|x64
		{BBCC85F9-C1F1-4619-84D2-780CFC3202FA}.Debug|x64.Build.0 = Debug|x64
		{BBCC85F9-C1F1-4619-84D2-780CFC3202FA}.Debug|x86.ActiveCfg = Debug|Win32
		{BBCC85F9-C1F1-4619-84D2-780CFC3202FA}.Debug|x86.Build.0 = Debug|Win32
		{BBCC85F9-C1F1-4619-84D2-780CFC3202FA}.Release|x64.ActiveCfg = Release|x64
		{BBCC85F9-C1F1-4619-84D2-780CFC3202FA}.Release|x64.Build.0 = Release|x64
		{BBCC85F9-C1F1-4619-84D2-780CFC3202FA}.Release|x86.ActiveCfg = Release|Win32
		{BBCC85F9-C1F1-4619-84D2-780CFC3202FA}.Release|x86.Build.0 = Release|Win32
		{67C6AB2A-5C17-4291-9702-2CB6B1F1C115}.Debug|x64.ActiveCfg = Debug|x64
		{67C6AB2A-5C17-4291-9702-2CB6B1F1C115}.Debug|x64.Build.0 = Debug|x64
		{67C6AB2A-5C17-4291-9702-2CB6B1F1C115}.Debug|x86.ActiveCfg = Debug|Win32
		{67C6AB2A-5C17-4291-9702-2CB6B1F1C115}.Debug|x86.Build.0 = Debug|Win32
		{67C6AB2A-5C17-4291-9702-2CB6B1F1C115}.Release|x64.ActiveCfg = Release|x64
		{67C6AB2A-5C17-4291-9702-2CB6B1F1C115}.Release|x64.Build.0 = Release|x64
		{67C6AB2A-5C17-4291-9702-2CB6B1F1C115}.Release|x86.ActiveCfg = Release|Win32
		{67C6AB2A-5C17-4291-9702-2CB6B1F1C115}.Release|x86.Build.0 = Release|Win32
		{8695FA1B-FCE9-4002-A86D-B9F7E0001412}.Debug|x64.ActiveCfg = Debug|x64
		{8695FA1B-FCE9-4002-A86D-B9F7E0001412}.Debug|x64.Build.0 = Debug|x64
		{8695FA1B-FCE9-4002-A86D-B9F7E0001412}.Debug|x86.ActiveCfg = Debug|Win32
		{8695FA1B-FCE9-4002-A86D-B9F7E0001412}.Debug|x86.Build.0 = Debug|Win32
		{8695FA1B-FCE9-4002-A86D-B9F7E0001412}.Release|x64.ActiveCfg = Release|x64
		{8695FA1B-FCE9-4002-A86D-B9F7E0001412}.Release|x64.Build.0 = Release|x64
		{8695FA1B-FCE9-4002-A86D-B9F7E0001412}.Release|x86.ActiveCfg = Release|Win32
		{8695FA1B-FCE9-4002-A86D-B9F7E0001412}.Release|x86.Build.0 = Release|Win32
		{8FB66238-D829-49C5-882B-E3DA2248C331}.Debug|x64.ActiveCfg = Debug|x64
		{8FB66238-D829-49C5-882B-E3DA2248C331}.Debug|x64.Build.0 = Debug|x64
		{8FB66238-D829-49C5-882B-E3DA2248C331}.Debug|x86.ActiveCfg = Debug|Win32
		{8FB66238-D829-49C5-882B-E3DA2248C331}.Debug|x86.Build.0 = Debug|Win32
		{8FB66238-D829-49C5-882B-E3DA2248C331}.Release|x64.ActiveCfg = Release|x64
		{8FB66238-D829-49C5-882B-E3DA2248C331}.Release|x64.Build.0 = Release|x64
		{8FB66238-D829-49C5-882B-E3DA2248C331}.Release|x86.ActiveCfg = Release|Win32
		{8FB66238-D829-49C5-882B-E3DA2248C331}.Release|x86.Build.0 = Release|Win32
		{17200B22-B542-476D-A486-6794DF3DE56A}.Debug|x64.ActiveCfg = Debug|x64
		{17200B22-B542-476D-A486-6794DF3DE56A}.Debug|x64.Build.0 = Debug|x64
		{17200B22-B542-476D-A486-6794DF3DE56A}.Debug|x86.ActiveCfg = Debug|Win32
		{17200B22-B542-476D-A486-6794DF3DE56A}.Debug|x86.Build.0 = Debug|Win32
		{17200B22-B542-476D-A486-6794DF3DE56A}.Release|x64.ActiveCfg = Release|x64
		{17200B22-B542-476D-A486-6794DF3DE56A}.Release|x64.Build.0 = Release|x64
		{17200B22-B542-476D-A486-6794DF3DE56A}.Release|x86.ActiveCfg = Release|Win32
		{17200B22-B542-476D-A486-6794DF3DE56A}.Release|x86.Build.0 = Release|Win32
		{E0CAC860-4378-494C-A850-B1A2F86B3A9F}.Debug|x64.ActiveCfg = Debug|x64
		{E0CAC860-4378-494C-A850-B1A2F86B3A9F}.Debug|x64.Build.0 = Debug|x64
		{E0CAC860-4378-494C-A850-B1A2F86B3A9F}.Debug|x86.ActiveCfg = Debug|Win32
		{E0CAC860-4378-494C-A850-B1A2F86B3A9F}.Debug|x86.Build.0 = Debug|Win32
		{E0CAC860-4378-494C-A850-B1A2F86B3A9F}.Release|x64.ActiveCfg = Release|x64
		{E0CAC860-4378-494C-A850-B1A2F86B3A9F}.Release|x64.Build.0 = Release|x64
		{E0CAC860-4378-494C-A850-B1A2F86B3A9F}.Release|x86.ActiveCfg = Release|Win32
		{E0CAC860-4378-494C-A850-B1A2F86B3A9F}.Release|x86.Build.0 = Release|Win32
		{096A5012-E1A1-401D-91CC-9C3493666566}.Debug|x64.ActiveCfg = Debug|x64
		{096A5012-E1A1-401D-91CC-9C3493666566}.Debug|x64.Build.0 = Debug|x64
		{096A5012-E1A1-401D-91CC-9C3493666566}.Debug|x86.ActiveCfg = Debug|Win32
		{096A5012-E1A1-401D-91CC-9C3493666566}.Debug|x86.Build.0 = Debug|Win32
		{096A5012-E1A1-401D-91CC-9C3493666566}.Release|x64.ActiveCfg = Release|x64
		{096A5012-E1A1-401D-91CC-9C3493666566}.Release|x64.Build.0 = Release|x64
		{096A5012-E1A1-401D-91CC-9C3493666566}.Release|x86.ActiveCfg = Release|Win32
		{096A5012-E1A1-401D-91CC-9C3493666566}.Release|x86.Build.0 = Release|Win32
		{CEFFE84A-385E-459A-AA82-D88F9F5A9707}.Debug|x64.ActiveCfg = Debug|x64
		{CEFFE84A-385E-459A-AA82-D88F9F5A9707}.Debug|x64.Build.0 = Debug|x64
		{CEFFE84A-385E-459A-AA82-D88F9F5A9707}.Debug|x86.ActiveCfg = Debug|Win32
		{CEFFE84A-385E-459A-AA82-D88F9F5A9707}.Debug|x86.Build.0 = Debug|Win32
		{CEFFE84A-385E-459A-AA82-D88F9F5A9707}.Release|x64.ActiveCfg = Release|x64
		{CEFFE84A-385E-459A-AA82-D88F9F5A9707}.Release|x64.Build.0 = Release|x64
		{CEFFE84A-385E-459A-AA82-D88F9F5A9707}.Release|x86.ActiveCfg = Release|Win32
		{CEFFE84A-385E-459A-AA82-D88F9F5A9707}.Release|x86.Build.0 = Release|Win32
		{70BCD205-31CD-4CE6-9164-BD6CE2A412CE}.Debug|x64.ActiveCfg = Debug|x64
		{70BCD205-31CD-4CE6-9164-BD6CE2A412CE}.Debug|x64.Build.0 = Debug|x64
		{70BCD205-31CD-4CE6-9164-BD6CE2A412CE}.Debug|x86.ActiveCfg = Debug|Win32
		{70BCD205-31CD-4CE6-9164-BD6CE2A412CE}.Debug|x86.Build.0 = Debug|Win32
		{70BCD205-31CD-4CE6-9164-BD6CE2A412CE}.Release|x64.ActiveCfg = Release|x64
		{70BCD205-31CD-4CE6-9164-BD6CE2A412CE}.Release|x64.Build.0 = Release|x64
		{70BCD205-31CD-4CE6-9164-BD6CE2A412CE}.Release|x86.ActiveCfg = Release|Win32
		{70BCD205-31CD-4CE6-9164-BD6CE2A412CE}.Release|x86.Build.0 = Release|Win32
		{165C510E-7180-43CB-9F0C-4CDED7C3AEE8}.Debug|x64.ActiveCfg = Debug|x64
		{165C510E-7180-43CB-9F0C-4CDED7C3AEE8}.Debug|x64.Build.0 = Debug|x64
		{165C510E-7180-43CB-9F0C-4CDED7C3AEE8}.Debug|x86.ActiveCfg = Debug|Win32
		{165C510E-7180-43CB-9F0C-4CDED7C3AEE8}.Debug|x86.Build.0 = Debug|Win32
		{165C510E-7180-43CB-9F0C-4CDED7C3AEE8}.Release|x64.ActiveCfg = Release|x64
		{165C510E-7180-43CB-9F0C-4CDED7C3AEE8}.Release|x64.Build.0 = Release|x64
		{165C510E-7180-43CB-9F0C-4CDED7C3AEE8}.Release|x86.ActiveCfg = Release|Win32
		{165C510E-7180-43CB-9F0C-4CDED7C3AEE8}.Release|x86.Build.0 = Release|Win32
		{FE8AF0EF-A082-4591-9D39-C2BE5ADD6011}.Debug|x64.ActiveCfg = Debug|x64
		{FE8AF0EF-A082-4591-9D39-C2BE5ADD6011}.Debug|x64.Build.0 = Debug|x64
		{FE8AF0EF-A082-4591-9D39-C2BE5ADD6011}.Debug|x86.ActiveCfg = Debug|Win32
		{FE8AF0EF-A082-4591-9D39-C2BE5ADD6011}.Debug|x86.Build.0 = Debug|Win32
		{FE8AF0EF-A082-4591-9D39-C2BE5ADD6011}.Release|x64.ActiveCfg = Release|x64
		{FE8AF0EF-A082-4591-9D39-C2BE5ADD6011}.Release|x64.Build.0 = Release|x64
		{FE8AF0EF-A082-4591-9D39-C2BE5ADD6011}.Release|x86.ActiveCfg = Release|Win32
		{FE8AF0EF-A082-4591-9D39-C2BE5ADD6011}.Release|x86.Build.0 = Release|Win32
		{4554606E-2083-4B7D-A79A-1EAB41F9CA13}.Debug|x64.ActiveCfg = Debug|x64
		{4554606E-2083-4B7D-A79A-1EAB41F9CA13}.Debug|x64.Build.0 = Debug|x64
		{4554606E-2083-4B7D-A79A-1EAB41F9CA13}.Debug|x86.ActiveCfg = Debug|Win32
		{4554606E-2083-4B7D-A79A-1EAB41F9CA13}.Debug|x86.Build.0 = Debug|Win32
		{4554606E-2083-4B7D-A79A-1EAB41F9CA13}.Release|x64.ActiveCfg = Release|x64
		{4554606E-2083-4B7D-A79A-1EAB41F9CA13}.Release|x64.Build.0 = Release|x64
		{4554606E-2083-4B7D-A79A-1EAB41F9CA13}.Release|x86.ActiveCfg = Release|Win32
		{4554606E-2083-4B7D-A79A-1EAB41F9CA13}.Release|x86.Build.0 = Release|Win32
		{3DFF8D24-FA0A-465E-AC40-DEE462A9F37B}.Debug|x64.ActiveCfg = Debug|x64
		{3DFF8D24-FA0A-465E-AC40-DEE462A9F37B}.Debug|x64.Build.0 = Debug|x64
		{3DFF8D24-FA0A-465E-AC40-DEE462A9F37B}.Debug|x86.ActiveCfg = Debug|Win32
		{3DFF8D24-FA0A-465E-AC40-DEE462A9F37B}.Debug|x86.Build.0 = Debug|Win32
		{3DFF8D24-FA0A-465E-AC40-DEE462A9F37B}.Release|x64.ActiveCfg = Release|x64
		{3DFF8D24-FA0A-465E-AC40-DEE462A9F37B}.Release|x64.Build.0 = Release|x64
		{3DFF8D24-FA0A-465E-AC40-DEE462A9F37B}.Release|x86.ActiveCfg = Release|Win32
		{3DFF8D24-FA0A-465E-AC40-DEE462A9F37B}.Release|x86.Build.0 = Release|Win32
		{69D7D497-4AAA-48F5-9340-2CA0EDE247A1}.Debug|x64.ActiveCfg = Debug|x64
		{69D7D497-4AAA-48F5-9340-2CA0EDE247A1}.Debug|x64.Build.0 = Debug|x64
		{69D7D497-4AAA-48F5-9340-2CA0EDE247A1}.Debug|x86.ActiveCfg = Debug|Win32
		{69D7D497-4AAA-48F5-9340-2CA0EDE247A1}.Debug|x86.Build.0 = Debug|Win32
		{69D7D497-4AAA-48F5-9340-2CA0EDE247A1}.Release|x64.ActiveCfg = Release|x64
		{69D7D497-4AAA-48F5-9340-2CA0EDE247A1}.Release|x64.Build.0 = Release|x64
		{69D7D497-4AAA-48F5-9340-2CA0EDE247A1}.Release|x86.ActiveCfg = Release|Win32
		{69D7D497-4AAA-48F5-9340-2CA0EDE247A1}.Release|x86.Build.0 = Release|Win32
		{3AE8EBD0-4054-4CD9-8DCC-8AA4A3C8D958}.Debug|x64.ActiveCfg = Debug|x64
		{3AE8EBD0-4054-4CD9-8DCC-8AA4A3C8D958}.Debug|x64.Build.0 = Debug|x64
		{3AE8EBD0-4054-4CD9-8DCC-8AA4A3C8D958}.Debug|x86.ActiveCfg = Debug|Win32
		{3AE8EBD0-4054-4CD9-8DCC-8AA4A3C8D958}.Debug|x86.Build.0 = Debug|Win32
		{3AE8EBD0-4054-4CD9-8DCC-8AA4A3C8D958}.Release|x64.ActiveCfg = Release|x64
		{3AE8EBD0-4054-4CD9-8DCC-8AA4A3C8D958}.Release|x64.Build.0 = Release|x64
		{3AE8EBD0-4054-4CD9-8DCC-8AA4A3C8D958}.Release|x86.ActiveCfg = Release|Win32
		{3AE8EBD0-4054-4CD9-8DCC-8AA4A3C8D958}.Release|x86.Build.0 = Release|Win32
		{DEC0E3B1-B23C-4B5C-A70E-0A0F0F7649F7}.Debug|x64.ActiveCfg = Debug|x64
		{DEC0E3B1-B23C-4B5C-A70E-0A0F0F7649F7}.Debug|x64.Build.0 = Debug|x64
		{DEC0E3B1-B23C-4B5C-A70E-0A0F0F7649F7}.Debug|x86.ActiveCfg = Debug|Win32
		{DEC0E3B1-B23C-4B5C-A70E-0A0F0F7649F7}.Debug|x86.Build.0 = Debug|Win32
		{DEC0E3B1-B23C-4B5C-A70E-0A0F0F7649F7}.Release|x64.ActiveCfg = Release|x64
		{DEC0E3B1-B23C-4B5C-A70E-0A0F0F7649F7}.Release|x64.Build.0 = Release|x64
		{DEC0E3B1-B23C-4B5C-A70E-0A0F0F7649F7}.Release|x86.ActiveCfg = Release|Win32
		{DEC0E3B1-B23C-4B5C-A70E-0A0F0F7649F7}.Release|x86.Build.0 = Release|Win32
		{EE9339D8-90A8-48F8-9B3A-A8BF8FAE0FB3}.Debug|x64.ActiveCfg = Debug|x64
		{EE9339D8-90A8-48F8-9B3A-A8BF8FAE0FB3}.Debug|x64.Build.0 = Debug|x64
		{EE9339D8-90A8-48F8-9B3A-A8BF8FAE0FB3}.Debug|x86.ActiveCfg = Debug|Win32
		{EE9339D8-90A8-48F8-9B3A-A8BF8FAE0FB3}.Debug|x86.Build.0 = Debug|Win32
		{EE9339D8-90A8-48F8-9B3A-A8BF8FAE0FB3}.Release|x64.ActiveCfg = Release|x64
		{EE9339D8-90A8-48F8-9B3A-A8BF8FAE0FB3}.Release|x64.Build.0 = Release|x64
		{EE9339D8-90A8-48F8-9B3A-A8BF8FAE0FB3}.Release|x86.ActiveCfg = Release|Win32
		{EE9339D8-90A8-48F8-9B3A-A8BF8FAE0FB3}.Release|x86.Build.0 = Release|Win32
		{49A23909-BD02-4DD4-AE6F-FA8E878AA8A1}.Debug|x64.ActiveCfg = Debug|x64
		{49A23909-BD02-4DD4-AE6F-FA8E878AA8A1}.Debug|x64.Build.0 = Debug|x64
		{49A23909-BD02-4DD4-AE6F-FA8E878AA8A1}.Debug|x86.ActiveCfg = Debug|Win32
		{49A23909-BD02-4DD4-AE6F-FA8E878AA8A1}.Debug|x86.Build.0 = Debug|Win32
		{49A23909-BD02-4DD4-AE6F-FA8E878AA8A1}.Release|x64.ActiveCfg = Release|x64
		{49A23909-BD02-4DD4-AE6F-FA8E878AA8A1}.Release|x64.Build.0 = Release|x64
		{49A23909-BD02-4DD4-AE6F-FA8E878AA8A1}.Release|x86.ActiveCfg = Release|Win32
		{49A23909-BD02-4DD4-AE6F-FA8E878AA8A1}.Release|x86.Build.0 = Release|Win32
		{9029FFB6-FC98-4BF8-A7A3-2029DE528475}.Debug|x64.ActiveCfg = Debug|x64
		{9029FFB6-FC98-4BF8-A7A3-2029DE528475}.Debug|x64.Build.0 = Debug|x64
		{9029FFB6-FC98-4BF8-A7A3-2029DE528475}.Debug|x86.ActiveCfg = Debug|Win32
		{9029FFB6-FC98-4BF8-A7A3-2029DE528475}.Debug|x86.Build.0 = Debug|Win32
		{9029FFB6-FC98-4BF8-A7A3-2029DE528475}.Release|x64.ActiveCfg = Release|x64
		{9029FFB6-FC98-4BF8-A7A3-2029DE528475}.Release|x64.Build.0 = Release|x64
		{9029FFB6-FC98-4BF8-A7A3-2029DE528475}.Release|x86.ActiveCfg = Release|Win32
		{9029FFB6-FC98-4BF8-A7A3-2029DE528475}.Release|x86.Build.0 = Release|Win32
		{E400675D-242C-48A4-B98F-A5EE26F68816}.Debug|x64.ActiveCfg = Debug|x64
		{E400675D-242C-48A4-B98F-A5EE26F68816}.Debug|x64.Build.0 = Debug|x64
		{E400675D-242C-48A4-B98F-A5EE26F68816}.Debug|x86.ActiveCfg = Debug|Win32
		{E400675D-242C-48A4-B98F-A5EE26F68816}.Debug|x86.Build.0 = Debug|Win32
		{E400675D-242C-48A4-B98F-A5EE26F68816}.Release|x64.ActiveCfg = Release|x64
		{E400675D-242C-48A4-B98F-A5EE26F68816}.Release|x64.Build.0 = Release|x64
		{E400675D-242C-48A4-B98F-A5EE26F68816}.Release|x86.ActiveCfg = Release|Win32
		{E400675D-242C-48A4-B98F-A5EE26F68816}.Release|x86.Build.0 = Release|Win32
		{96CCABBC-9B6E-48AE-BC82-6CCB8548084B}.Debug|x64.ActiveCfg = Debug|x64
		{96CCABBC-9B6E-48AE-BC82-6CCB8548084B}.Debug|x64.Build.0 = Debug|x64
		{96CCABBC-9B6E-48AE-BC82-6CCB8548084B}.Debug|x86.ActiveCfg = Debug|Win32
		{96CCABBC-9B6E-48AE-BC82-6CCB8548084B}.Debug|x86.Build.0 = Debug|Win32
		{96CCABBC-9B6E-48AE-BC82-6CCB8548084B}.Release|x64.ActiveCfg = Release|x64
		{96CCABBC-9B6E-48AE-BC82-6CCB8548084B}.Release|x64.Build.0 = Release|x64
		{96CCABBC-9B6E-48AE-BC82-6CCB8548084B}.Release|x86.ActiveCfg = Release|Win32
		{96CCABBC-9B6E-48AE-BC82-6CCB8548084B}.Release|x86.Build.0 = Release|Win32
		{00C57D5F-67B2-459B-88A2-0E7FE4CE0DC2}.Debug|x64.ActiveCfg = Debug|x64
		{00C57D5F-67B2-459B-88A2-0E7FE4CE0DC2}.Debug|x64.Build.0 = Debug|x64
		{00C57D5F-67B2-459B-88A2-0E7FE4CE0DC2}.Debug|x86.ActiveCfg = Debug|Win32
		{00C57D5F-67B2-459B-88A2-0E7FE4CE0DC2}.Debug|x86.Build.0 = Debug|Win32
		{00C57D5F-67B2-459B-88A2-0E7FE4CE0DC2}.Release|x64.ActiveCfg = Release|x64
		{00C57D5F-67B2-459B-88A2-0E7FE4CE0DC2}.Release|x64.Build.0 = Release|x64
		{00C57D5F-67B2-459B-88A2-0E7FE4CE0DC2}.Release|x86.ActiveCfg = Release|Win32
		{00C57D5F-67B2-459B-88A2-0E7FE4CE0DC2}.Release|x86.Build.0 = Release|Win32
	EndGlobalSection
	GlobalSection(SolutionProperties) = preSolution
		HideSolutionNode = FALSE
	EndGlobalSection
	GlobalSection(ExtensibilityGlobals) = postSolution
		SolutionGuid = {97BBF1C5-91D0-4602-8892-C5DD6F443B99}
	EndGlobalSection
EndGlobal
